
Microsoft Visual Studio Solution File, Format Version 12.00
# Visual Studio Version 16
VisualStudioVersion = 16.0.31624.102
MinimumVisualStudioVersion = 10.0.40219.1
Project("{FAE04EC0-301F-11D3-BF4B-00C04F79EFBC}") = "Course", "Course\Course.csproj", "{5577B86B-2C4C-4B95-8DC7-58D9E0C798DD}"
EndProject
Global
	GlobalSection(SolutionConfigurationPlatforms) = preSolution
		Debug|Any CPU = Debug|Any CPU
		Release|Any CPU = Release|Any CPU
	EndGlobalSection
	GlobalSection(ProjectConfigurationPlatforms) = postSolution
		{5577B86B-2C4C-4B95-8DC7-58D9E0C798DD}.Debug|Any CPU.ActiveCfg = Debug|Any CPU
		{5577B86B-2C4C-4B95-8DC7-58D9E0C798DD}.Debug|Any CPU.Build.0 = Debug|Any CPU
		{5577B86B-2C4C-4B95-8DC7-58D9E0C798DD}.Release|Any CPU.ActiveCfg = Release|Any CPU
		{5577B86B-2C4C-4B95-8DC7-58D9E0C798DD}.Release|Any CPU.Build.0 = Release|Any CPU
	EndGlobalSection
	GlobalSection(SolutionProperties) = preSolution
		HideSolutionNode = FALSE
	EndGlobalSection
	GlobalSection(ExtensibilityGlobals) = postSolution
		SolutionGuid = {8FAC92CC-975B-4D4E-9787-6F7A10EADC4D}
	EndGlobalSection
EndGlobal
